# THIS IS AN AUTOGENERATED FILE. DO NOT EDIT THIS FILE DIRECTLY.
# yarn lockfile v1


"@babel/runtime@^7.18.9":
  "integrity" "sha512-lkqXDcvlFT5rvEjiu6+QYO+1GXrEHRo2LOtS7E4GtX5ESIZOgepqsZBVIj6Pv+a6zqsya9VCgiK1KAK4BvJDAw=="
  "resolved" "https://registry.npmjs.org/@babel/runtime/-/runtime-7.18.9.tgz"
  "version" "7.18.9"
  dependencies:
    "regenerator-runtime" "^0.13.4"

"@quri/squiggle-lang@^0.3.0":
  "integrity" "sha512-GNaDAHDdqxnC2jGPqlCbbbIVZIr3RpurKw5qfIIfNrdxmaMHoM8alvmmIZ3JPLZrzGZZPrI7BRuZGKclGPzzqA=="
  "resolved" "https://registry.npmjs.org/@quri/squiggle-lang/-/squiggle-lang-0.3.0.tgz"
  "version" "0.3.0"
  dependencies:
    "@rescript/std" "^9.1.4"
    "@stdlib/stats" "^0.0.13"
    "jstat" "^1.9.5"
    "lodash" "^4.17.21"
    "mathjs" "^11.0.1"
    "pdfast" "^0.2.0"

"@rescript/std@^9.1.4":
  "integrity" "sha512-OHBORysVe6vmyllL24S2sXiwLGrpVRbZW5k2FverbjY3QF81VoyCRYL6kMOSNMEn9GseO/oDubK8+nvVzCSVMA=="
  "resolved" "https://registry.npmjs.org/@rescript/std/-/std-9.1.4.tgz"
  "version" "9.1.4"

"@stdlib/array@^0.0.x":
  "integrity" "sha512-nDksiuvRC1dSTHrf5yOGQmlRwAzSKV8MdFQwFSvLbZGGhi5Y4hExqea5HloLgNVouVs8lnAFi2oubSM4Mc7YAg=="
  "resolved" "https://registry.npmjs.org/@stdlib/array/-/array-0.0.12.tgz"
  "version" "0.0.12"
  dependencies:
    "@stdlib/assert" "^0.0.x"
    "@stdlib/blas" "^0.0.x"
    "@stdlib/complex" "^0.0.x"
    "@stdlib/constants" "^0.0.x"
    "@stdlib/math" "^0.0.x"
    "@stdlib/symbol" "^0.0.x"
    "@stdlib/types" "^0.0.x"
    "@stdlib/utils" "^0.0.x"

"@stdlib/assert@^0.0.x":
  "integrity" "sha512-38FxFf+ZoQZbdc+m09UsWtaCmzd/2e7im0JOaaFYE7icmRfm+4KiE9BRvBT4tIn7ioLB2f9PsBicKjIsf+tY1w=="
  "resolved" "https://registry.npmjs.org/@stdlib/assert/-/assert-0.0.12.tgz"
  "version" "0.0.12"
  dependencies:
    "@stdlib/array" "^0.0.x"
    "@stdlib/cli" "^0.0.x"
    "@stdlib/complex" "^0.0.x"
    "@stdlib/constants" "^0.0.x"
    "@stdlib/fs" "^0.0.x"
    "@stdlib/math" "^0.0.x"
    "@stdlib/ndarray" "^0.0.x"
    "@stdlib/number" "^0.0.x"
    "@stdlib/os" "^0.0.x"
    "@stdlib/process" "^0.0.x"
    "@stdlib/regexp" "^0.0.x"
    "@stdlib/streams" "^0.0.x"
    "@stdlib/string" "^0.0.x"
    "@stdlib/symbol" "^0.0.x"
    "@stdlib/types" "^0.0.x"
    "@stdlib/utils" "^0.0.x"

"@stdlib/bigint@^0.0.x":
  "integrity" "sha512-uz0aYDLABAYyqxaCSHYbUt0yPkXYUCR7TrVvHN+UUD3i8FZ02ZKcLO+faKisDyxKEoSFTNtn3Ro8Ir5ebOlVXQ=="
  "resolved" "https://registry.npmjs.org/@stdlib/bigint/-/bigint-0.0.11.tgz"
  "version" "0.0.11"
  dependencies:
    "@stdlib/utils" "^0.0.x"

"@stdlib/blas@^0.0.x":
  "integrity" "sha512-nWY749bWceuoWQ7gz977blCwR7lyQ/rsIXVO4b600h+NFpeA2i/ea7MYC680utIbeu2cnDWHdglBPoK535VAzA=="
  "resolved" "https://registry.npmjs.org/@stdlib/blas/-/blas-0.0.12.tgz"
  "version" "0.0.12"
  dependencies:
    "@stdlib/array" "^0.0.x"
    "@stdlib/assert" "^0.0.x"
    "@stdlib/math" "^0.0.x"
    "@stdlib/number" "^0.0.x"
    "@stdlib/types" "^0.0.x"
    "@stdlib/utils" "^0.0.x"

"@stdlib/buffer@^0.0.x":
  "integrity" "sha512-Jeie5eDDa1tVuRcuU+cBXI/oOXSmMxUUccZpqXzgYe0IO8QSNtNxv9mUTzJk/m5wH+lmLoDvNxzPpOH9TODjJg=="
  "resolved" "https://registry.npmjs.org/@stdlib/buffer/-/buffer-0.0.11.tgz"
  "version" "0.0.11"
  dependencies:
    "@stdlib/array" "^0.0.x"
    "@stdlib/assert" "^0.0.x"
    "@stdlib/process" "^0.0.x"
    "@stdlib/types" "^0.0.x"
    "@stdlib/utils" "^0.0.x"

"@stdlib/cli@^0.0.x":
  "integrity" "sha512-OITGaxG46kwK799+NuOd/+ccosJ9koVuQBC610DDJv0ZJf8mD7sbjGXrmue9C4EOh8MP7Vm/6HN14BojX8oTCg=="
  "resolved" "https://registry.npmjs.org/@stdlib/cli/-/cli-0.0.10.tgz"
  "version" "0.0.10"
  dependencies:
    "@stdlib/utils" "^0.0.x"
    "minimist" "^1.2.0"

"@stdlib/complex@^0.0.x":
  "integrity" "sha512-UbZBdaUxT2G+lsTIrVlRZwx2IRY6GXnVILggeejsIVxHSuK+oTyapfetcAv0FJFLP+Rrr+ZzrN4b9G3hBw6NHA=="
  "resolved" "https://registry.npmjs.org/@stdlib/complex/-/complex-0.0.12.tgz"
  "version" "0.0.12"
  dependencies:
    "@stdlib/array" "^0.0.x"
    "@stdlib/assert" "^0.0.x"
    "@stdlib/types" "^0.0.x"
    "@stdlib/utils" "^0.0.x"

"@stdlib/constants@^0.0.x":
  "integrity" "sha512-cWKy0L9hXHUQTvFzdPkTvZnn/5Pjv7H4UwY0WC1rLt+A5CxFDJKjvnIi9ypSzJS3CAiGl1ZaHCdadoqXhNdkUg=="
  "resolved" "https://registry.npmjs.org/@stdlib/constants/-/constants-0.0.11.tgz"
  "version" "0.0.11"
  dependencies:
    "@stdlib/array" "^0.0.x"
    "@stdlib/assert" "^0.0.x"
    "@stdlib/number" "^0.0.x"
    "@stdlib/utils" "^0.0.x"

"@stdlib/fs@^0.0.x":
  "integrity" "sha512-zcDLbt39EEM3M3wJW6luChS53B8T+TMJkjs2526UpKJ71O0/0adR57cI7PfCpkMd33d05uM7GM+leEj4eks4Cw=="
  "resolved" "https://registry.npmjs.org/@stdlib/fs/-/fs-0.0.12.tgz"
  "version" "0.0.12"
  dependencies:
    "@stdlib/array" "^0.0.x"
    "@stdlib/assert" "^0.0.x"
    "@stdlib/cli" "^0.0.x"
    "@stdlib/math" "^0.0.x"
    "@stdlib/process" "^0.0.x"
    "@stdlib/string" "^0.0.x"
    "@stdlib/utils" "^0.0.x"
    "debug" "^2.6.9"

"@stdlib/math@^0.0.x":
  "integrity" "sha512-qI78sR1QqGjHj8k/aAqkZ51Su2fyBvaR/jMKQqcB/ML8bpYpf+QGlGvTty5Qdru/wpqds4kVFOVbWGcNFIV2+Q=="
  "resolved" "https://registry.npmjs.org/@stdlib/math/-/math-0.0.11.tgz"
  "version" "0.0.11"
  dependencies:
    "@stdlib/assert" "^0.0.x"
    "@stdlib/constants" "^0.0.x"
    "@stdlib/ndarray" "^0.0.x"
    "@stdlib/number" "^0.0.x"
    "@stdlib/strided" "^0.0.x"
    "@stdlib/symbol" "^0.0.x"
    "@stdlib/types" "^0.0.x"
    "@stdlib/utils" "^0.0.x"
    "debug" "^2.6.9"

"@stdlib/ndarray@^0.0.x":
  "integrity" "sha512-Z+U9KJP4U2HWrLtuAXSPvhNetAdqaNLMcliR6S/fz+VPlFDeymRK7omRFMgVQ+1zcAvIgKZGJxpLC3vjiPUYEw=="
  "resolved" "https://registry.npmjs.org/@stdlib/ndarray/-/ndarray-0.0.13.tgz"
  "version" "0.0.13"
  dependencies:
    "@stdlib/array" "^0.0.x"
    "@stdlib/assert" "^0.0.x"
    "@stdlib/bigint" "^0.0.x"
    "@stdlib/buffer" "^0.0.x"
    "@stdlib/complex" "^0.0.x"
    "@stdlib/constants" "^0.0.x"
    "@stdlib/math" "^0.0.x"
    "@stdlib/number" "^0.0.x"
    "@stdlib/string" "^0.0.x"
    "@stdlib/types" "^0.0.x"
    "@stdlib/utils" "^0.0.x"

"@stdlib/nlp@^0.0.x":
  "integrity" "sha512-D9avYWANm0Db2W7RpzdSdi5GxRYALGAqUrNnRnnKIO6sMEfr/DvONoAbWruda4QyvSC+0MJNwcEn7+PHhRwYhw=="
  "resolved" "https://registry.npmjs.org/@stdlib/nlp/-/nlp-0.0.11.tgz"
  "version" "0.0.11"
  dependencies:
    "@stdlib/array" "^0.0.x"
    "@stdlib/assert" "^0.0.x"
    "@stdlib/math" "^0.0.x"
    "@stdlib/random" "^0.0.x"
    "@stdlib/string" "^0.0.x"
    "@stdlib/utils" "^0.0.x"

"@stdlib/number@^0.0.x":
  "integrity" "sha512-RyfoP9MlnX4kccvg8qv7vYQPbLdzfS1Mnp/prGOoWhvMG3pyBwFAan34kwFb5IS/zHC3W5EmrgXCV2QWyLg/Kg=="
  "resolved" "https://registry.npmjs.org/@stdlib/number/-/number-0.0.10.tgz"
  "version" "0.0.10"
  dependencies:
    "@stdlib/array" "^0.0.x"
    "@stdlib/assert" "^0.0.x"
    "@stdlib/constants" "^0.0.x"
    "@stdlib/math" "^0.0.x"
    "@stdlib/os" "^0.0.x"
    "@stdlib/string" "^0.0.x"
    "@stdlib/types" "^0.0.x"
    "@stdlib/utils" "^0.0.x"

"@stdlib/os@^0.0.x":
  "integrity" "sha512-O7lklZ/9XEzoCmYvzjPh7jrFWkbpOSHGI71ve3dkSvBy5tyiSL3TtivfKsIC+9ZxuEJZ3d3lIjc9e+yz4HVbqQ=="
  "resolved" "https://registry.npmjs.org/@stdlib/os/-/os-0.0.12.tgz"
  "version" "0.0.12"
  dependencies:
    "@stdlib/assert" "^0.0.x"
    "@stdlib/cli" "^0.0.x"
    "@stdlib/fs" "^0.0.x"
    "@stdlib/process" "^0.0.x"
    "@stdlib/utils" "^0.0.x"

"@stdlib/process@^0.0.x":
  "integrity" "sha512-P0X0TMvkissBE1Wr877Avi2/AxmP7X5Toa6GatHbpJdDg6jQmN4SgPd+NZNp98YtZUyk478c8XSIzMr1krQ20g=="
  "resolved" "https://registry.npmjs.org/@stdlib/process/-/process-0.0.12.tgz"
  "version" "0.0.12"
  dependencies:
    "@stdlib/assert" "^0.0.x"
    "@stdlib/buffer" "^0.0.x"
    "@stdlib/cli" "^0.0.x"
    "@stdlib/fs" "^0.0.x"
    "@stdlib/streams" "^0.0.x"
    "@stdlib/string" "^0.0.x"
    "@stdlib/utils" "^0.0.x"

"@stdlib/random@^0.0.x":
  "integrity" "sha512-c5yND4Ahnm9Jx0I+jsKhn4Yrz10D53ALSrIe3PG1qIz3kNFcIPnmvCuNGd+3V4ch4Mbrez55Y8z/ZC5RJh4vJQ=="
  "resolved" "https://registry.npmjs.org/@stdlib/random/-/random-0.0.12.tgz"
  "version" "0.0.12"
  dependencies:
    "@stdlib/array" "^0.0.x"
    "@stdlib/assert" "^0.0.x"
    "@stdlib/blas" "^0.0.x"
    "@stdlib/buffer" "^0.0.x"
    "@stdlib/cli" "^0.0.x"
    "@stdlib/constants" "^0.0.x"
    "@stdlib/fs" "^0.0.x"
    "@stdlib/math" "^0.0.x"
    "@stdlib/process" "^0.0.x"
    "@stdlib/stats" "^0.0.x"
    "@stdlib/streams" "^0.0.x"
    "@stdlib/symbol" "^0.0.x"
    "@stdlib/types" "^0.0.x"
    "@stdlib/utils" "^0.0.x"
    "debug" "^2.6.9"
    "readable-stream" "^2.1.4"

"@stdlib/regexp@^0.0.x":
  "integrity" "sha512-3JT5ZIoq/1nXY+dY+QtkU8/m7oWDeekyItEEXMx9c/AOf0ph8fmvTUGMDNfUq0RetcznFe3b66kFz6Zt4XHviA=="
  "resolved" "https://registry.npmjs.org/@stdlib/regexp/-/regexp-0.0.13.tgz"
  "version" "0.0.13"
  dependencies:
    "@stdlib/assert" "^0.0.x"
    "@stdlib/utils" "^0.0.x"

"@stdlib/stats@^0.0.13", "@stdlib/stats@^0.0.x":
  "integrity" "sha512-hm+t32dKbx/L7+7WlQ1o4NDEzV0J4QSnwFBCsIMIAO8+VPxTZ4FxyNERl4oKlS3hZZe4AVKjoOVhBDtgEWrS4g=="
  "resolved" "https://registry.npmjs.org/@stdlib/stats/-/stats-0.0.13.tgz"
  "version" "0.0.13"
  dependencies:
    "@stdlib/array" "^0.0.x"
    "@stdlib/assert" "^0.0.x"
    "@stdlib/blas" "^0.0.x"
    "@stdlib/constants" "^0.0.x"
    "@stdlib/math" "^0.0.x"
    "@stdlib/ndarray" "^0.0.x"
    "@stdlib/random" "^0.0.x"
    "@stdlib/string" "^0.0.x"
    "@stdlib/symbol" "^0.0.x"
    "@stdlib/types" "^0.0.x"
    "@stdlib/utils" "^0.0.x"

"@stdlib/streams@^0.0.x":
  "integrity" "sha512-YLUlXwjJNknHp92IkJUdvn5jEQjDckpawKhDLLCoxyh3h5V+w/8+61SH7TMTfKx5lBxKJ8vvtchZh90mIJOAjQ=="
  "resolved" "https://registry.npmjs.org/@stdlib/streams/-/streams-0.0.12.tgz"
  "version" "0.0.12"
  dependencies:
    "@stdlib/assert" "^0.0.x"
    "@stdlib/buffer" "^0.0.x"
    "@stdlib/cli" "^0.0.x"
    "@stdlib/fs" "^0.0.x"
    "@stdlib/types" "^0.0.x"
    "@stdlib/utils" "^0.0.x"
    "debug" "^2.6.9"
    "readable-stream" "^2.1.4"

"@stdlib/strided@^0.0.x":
  "integrity" "sha512-1NINP+Y7IJht34iri/bYLY7TVxrip51f6Z3qWxGHUCH33kvk5H5QqV+RsmFEGbbyoGtdeHrT2O+xA+7R2e3SNg=="
  "resolved" "https://registry.npmjs.org/@stdlib/strided/-/strided-0.0.12.tgz"
  "version" "0.0.12"
  dependencies:
    "@stdlib/assert" "^0.0.x"
    "@stdlib/math" "^0.0.x"
    "@stdlib/ndarray" "^0.0.x"
    "@stdlib/types" "^0.0.x"
    "@stdlib/utils" "^0.0.x"

"@stdlib/string@^0.0.x":
  "integrity" "sha512-1ClvUTPysens7GZz3WsrkFYIFs8qDmnXkyAd3zMvTXgRpy7hqrv6nNzLMQj8BHv5cBWaWPOXYd/cZ+JyMnZNQQ=="
  "resolved" "https://registry.npmjs.org/@stdlib/string/-/string-0.0.14.tgz"
  "version" "0.0.14"
  dependencies:
    "@stdlib/assert" "^0.0.x"
    "@stdlib/cli" "^0.0.x"
    "@stdlib/constants" "^0.0.x"
    "@stdlib/fs" "^0.0.x"
    "@stdlib/math" "^0.0.x"
    "@stdlib/nlp" "^0.0.x"
    "@stdlib/process" "^0.0.x"
    "@stdlib/regexp" "^0.0.x"
    "@stdlib/streams" "^0.0.x"
    "@stdlib/types" "^0.0.x"
    "@stdlib/utils" "^0.0.x"

"@stdlib/symbol@^0.0.x":
  "integrity" "sha512-2IDhpzWVGeLHgsvIsX12RXvf78r7xBkc4QLoRUv3k7Cp61BisR1Ym1p0Tq9PbxT8fknlvLToh9n5RpmESi2d4w=="
  "resolved" "https://registry.npmjs.org/@stdlib/symbol/-/symbol-0.0.12.tgz"
  "version" "0.0.12"
  dependencies:
    "@stdlib/assert" "^0.0.x"
    "@stdlib/utils" "^0.0.x"

"@stdlib/time@^0.0.x":
  "integrity" "sha512-1gMFCQTabMVIgww+k4g8HHHIhyy1tIlvwT8mC0BHW7Q7TzDAgobwL0bvor+lwvCb5LlDAvNQEpaRgVT99QWGeQ=="
  "resolved" "https://registry.npmjs.org/@stdlib/time/-/time-0.0.14.tgz"
  "version" "0.0.14"
  dependencies:
    "@stdlib/assert" "^0.0.x"
    "@stdlib/cli" "^0.0.x"
    "@stdlib/constants" "^0.0.x"
    "@stdlib/fs" "^0.0.x"
    "@stdlib/math" "^0.0.x"
    "@stdlib/string" "^0.0.x"
    "@stdlib/utils" "^0.0.x"

"@stdlib/types@^0.0.x":
  "integrity" "sha512-AP3EI9/il/xkwUazcoY+SbjtxHRrheXgSbWZdEGD+rWpEgj6n2i63hp6hTOpAB5NipE0tJwinQlDGOuQ1lCaCw=="
  "resolved" "https://registry.npmjs.org/@stdlib/types/-/types-0.0.14.tgz"
  "version" "0.0.14"

"@stdlib/utils@^0.0.x":
  "integrity" "sha512-+JhFpl6l7RSq/xGnbWRQ5dAL90h9ONj8MViqlb7teBZFtePZLMwoRA1wssypFcJ8SFMRWQn7lPmpYVUkGwRSOg=="
  "resolved" "https://registry.npmjs.org/@stdlib/utils/-/utils-0.0.12.tgz"
  "version" "0.0.12"
  dependencies:
    "@stdlib/array" "^0.0.x"
    "@stdlib/assert" "^0.0.x"
    "@stdlib/blas" "^0.0.x"
    "@stdlib/buffer" "^0.0.x"
    "@stdlib/cli" "^0.0.x"
    "@stdlib/constants" "^0.0.x"
    "@stdlib/fs" "^0.0.x"
    "@stdlib/math" "^0.0.x"
    "@stdlib/os" "^0.0.x"
    "@stdlib/process" "^0.0.x"
    "@stdlib/random" "^0.0.x"
    "@stdlib/regexp" "^0.0.x"
    "@stdlib/streams" "^0.0.x"
    "@stdlib/string" "^0.0.x"
    "@stdlib/symbol" "^0.0.x"
    "@stdlib/time" "^0.0.x"
    "@stdlib/types" "^0.0.x"
    "debug" "^2.6.9"

"@types/node@^18.7.1":
  "integrity" "sha512-GKX1Qnqxo4S+Z/+Z8KKPLpH282LD7jLHWJcVryOflnsnH+BtSDfieR6ObwBMwpnNws0bUK8GI7z0unQf9bARNQ=="
  "resolved" "https://registry.npmjs.org/@types/node/-/node-18.7.1.tgz"
  "version" "18.7.1"

"complex.js@^2.1.1":
  "integrity" "sha512-8njCHOTtFFLtegk6zQo0kkVX1rngygb/KQI6z1qZxlFI3scluC+LVTCFbrkWjBv4vvLlbQ9t88IPMC6k95VTTg=="
  "resolved" "https://registry.npmjs.org/complex.js/-/complex.js-2.1.1.tgz"
  "version" "2.1.1"

"core-util-is@~1.0.0":
  "integrity" "sha512-ZQBvi1DcpJ4GDqanjucZ2Hj3wEO5pZDS89BWbkcrvdxksJorwUDDZamX9ldFkp9aw2lmBDLgkObEA4DWNJ9FYQ=="
  "resolved" "https://registry.npmjs.org/core-util-is/-/core-util-is-1.0.3.tgz"
  "version" "1.0.3"

"debug@^2.6.9":
  "integrity" "sha512-bC7ElrdJaJnPbAP+1EotYvqZsb3ecl5wi6Bfi6BJTUcNowp6cvspg0jXznRTKDjm/E7AdgFBVeAPVMNcKGsHMA=="
  "resolved" "https://registry.npmjs.org/debug/-/debug-2.6.9.tgz"
  "version" "2.6.9"
  dependencies:
    "ms" "2.0.0"

"decimal.js@^10.3.1":
  "integrity" "sha512-V0pfhfr8suzyPGOx3nmq4aHqabehUZn6Ch9kyFpV79TGDTWFmHqUqXdabR7QHqxzrYolF4+tVmJhUG4OURg5dQ=="
  "resolved" "https://registry.npmjs.org/decimal.js/-/decimal.js-10.3.1.tgz"
  "version" "10.3.1"

"escape-latex@^1.2.0":
  "integrity" "sha512-nV5aVWW1K0wEiUIEdZ4erkGGH8mDxGyxSeqPzRNtWP7ataw+/olFObw7hujFWlVjNsaDFw5VZ5NzVSIqRgfTiw=="
  "resolved" "https://registry.npmjs.org/escape-latex/-/escape-latex-1.2.0.tgz"
  "version" "1.2.0"

"fraction.js@^4.2.0":
  "integrity" "sha512-MhLuK+2gUcnZe8ZHlaaINnQLl0xRIGRfcGk2yl8xoQAfHrSsL3rYu6FCmBdkdbhc9EPlwyGHewaRsvwRMJtAlA=="
  "resolved" "https://registry.npmjs.org/fraction.js/-/fraction.js-4.2.0.tgz"
  "version" "4.2.0"

"inherits@~2.0.3":
  "integrity" "sha512-k/vGaX4/Yla3WzyMCvTQOXYeIHvqOKtnqBduzTHpzpQZzAskKMhZ2K+EnBiSM9zGSoIFeMpXKxa4dYeZIQqewQ=="
  "resolved" "https://registry.npmjs.org/inherits/-/inherits-2.0.4.tgz"
  "version" "2.0.4"

"isarray@~1.0.0":
  "integrity" "sha512-VLghIWNM6ELQzo7zwmcg0NmTVyWKYjvIeM83yjp0wRDTmUnrM678fQbcKBo6n2CJEF0szoG//ytg+TKla89ALQ=="
  "resolved" "https://registry.npmjs.org/isarray/-/isarray-1.0.0.tgz"
  "version" "1.0.0"

"javascript-natural-sort@^0.7.1":
  "integrity" "sha512-nO6jcEfZWQXDhOiBtG2KvKyEptz7RVbpGP4vTD2hLBdmNQSsCiicO2Ioinv6UI4y9ukqnBpy+XZ9H6uLNgJTlw=="
  "resolved" "https://registry.npmjs.org/javascript-natural-sort/-/javascript-natural-sort-0.7.1.tgz"
  "version" "0.7.1"

"jstat@^1.9.5":
  "integrity" "sha512-cWnp4vObF5GmB2XsIEzxI/1ZTcYlcfNqxQ/9Fp5KFUa0Jf/4tO0ZkGVnqoEHDisJvYgvn5n3eWZbd2xTVJJPUQ=="
  "resolved" "https://registry.npmjs.org/jstat/-/jstat-1.9.5.tgz"
  "version" "1.9.5"

"lodash@^4.17.21":
  "integrity" "sha512-v2kDEe57lecTulaDIuNTPy3Ry4gLGJ6Z1O3vE1krgXZNrsQ+LFTGHVxVjcXPs17LhbZVGedAJv8XZ1tvj5FvSg=="
  "resolved" "https://registry.npmjs.org/lodash/-/lodash-4.17.21.tgz"
  "version" "4.17.21"

"mathjs@^11.0.1":
  "integrity" "sha512-Kgm+GcTxwD68zupr7BPK0yrlWpTh2q8sMH6VcBcQe5+JCBqcwOrBxBF11WPah7hVv0NCLDnJnFTiXtik1Phasg=="
  "resolved" "https://registry.npmjs.org/mathjs/-/mathjs-11.0.1.tgz"
  "version" "11.0.1"
  dependencies:
    "@babel/runtime" "^7.18.9"
    "complex.js" "^2.1.1"
    "decimal.js" "^10.3.1"
    "escape-latex" "^1.2.0"
    "fraction.js" "^4.2.0"
    "javascript-natural-sort" "^0.7.1"
    "seedrandom" "^3.0.5"
    "tiny-emitter" "^2.1.0"
    "typed-function" "^3.0.0"

"minimist@^1.2.0":
  "integrity" "sha512-Jsjnk4bw3YJqYzbdyBiNsPWHPfO++UGG749Cxs6peCu5Xg4nrena6OVxOYxrQTqww0Jmwt+Ref8rggumkTLz9Q=="
  "resolved" "https://registry.npmjs.org/minimist/-/minimist-1.2.6.tgz"
  "version" "1.2.6"

"ms@2.0.0":
  "integrity" "sha512-Tpp60P6IUJDTuOq/5Z8cdskzJujfwqfOTkrwIwj7IRISpnkJnT6SyJ4PCPnGMoFjC9ddhal5KVIYtAt97ix05A=="
  "resolved" "https://registry.npmjs.org/ms/-/ms-2.0.0.tgz"
  "version" "2.0.0"

"pdfast@^0.2.0":
  "integrity" "sha512-cq6TTu6qKSFUHwEahi68k/kqN2mfepjkGrG9Un70cgdRRKLKY6Rf8P8uvP2NvZktaQZNF3YE7agEkLj0vGK9bA=="
  "resolved" "https://registry.npmjs.org/pdfast/-/pdfast-0.2.0.tgz"
  "version" "0.2.0"

"process-nextick-args@~2.0.0":
  "integrity" "sha512-3ouUOpQhtgrbOa17J7+uxOTpITYWaGP7/AhoR3+A+/1e9skrzelGi/dXzEYyvbxubEF6Wn2ypscTKiKJFFn1ag=="
  "resolved" "https://registry.npmjs.org/process-nextick-args/-/process-nextick-args-2.0.1.tgz"
  "version" "2.0.1"

"readable-stream@^2.1.4":
  "integrity" "sha512-Ebho8K4jIbHAxnuxi7o42OrZgF/ZTNcsZj6nRKyUmkhLFq8CHItp/fy6hQZuZmP/n3yZ9VBUbp4zz/mX8hmYPw=="
  "resolved" "https://registry.npmjs.org/readable-stream/-/readable-stream-2.3.7.tgz"
  "version" "2.3.7"
  dependencies:
    "core-util-is" "~1.0.0"
    "inherits" "~2.0.3"
    "isarray" "~1.0.0"
    "process-nextick-args" "~2.0.0"
    "safe-buffer" "~5.1.1"
    "string_decoder" "~1.1.1"
    "util-deprecate" "~1.0.1"

"regenerator-runtime@^0.13.4":
  "integrity" "sha512-p3VT+cOEgxFsRRA9X4lkI1E+k2/CtnKtU4gcxyaCUreilL/vqI6CdZ3wxVUx3UOUg+gnUOQQcRI7BmSI656MYA=="
  "resolved" "https://registry.npmjs.org/regenerator-runtime/-/regenerator-runtime-0.13.9.tgz"
  "version" "0.13.9"

"safe-buffer@~5.1.0", "safe-buffer@~5.1.1":
  "integrity" "sha512-Gd2UZBJDkXlY7GbJxfsE8/nvKkUEU1G38c1siN6QP6a9PT9MmHB8GnpscSmMJSoF8LOIrt8ud/wPtojys4G6+g=="
  "resolved" "https://registry.npmjs.org/safe-buffer/-/safe-buffer-5.1.2.tgz"
  "version" "5.1.2"

"seedrandom@^3.0.5":
  "integrity" "sha512-8OwmbklUNzwezjGInmZ+2clQmExQPvomqjL7LFqOYqtmuxRgQYqOD3mHaU+MvZn5FLUeVxVfQjwLZW/n/JFuqg=="
  "resolved" "https://registry.npmjs.org/seedrandom/-/seedrandom-3.0.5.tgz"
  "version" "3.0.5"

"string_decoder@~1.1.1":
  "integrity" "sha512-n/ShnvDi6FHbbVfviro+WojiFzv+s8MPMHBczVePfUpDJLwoLT0ht1l4YwBCbi8pJAveEEdnkHyPyTP/mzRfwg=="
  "resolved" "https://registry.npmjs.org/string_decoder/-/string_decoder-1.1.1.tgz"
  "version" "1.1.1"
  dependencies:
    "safe-buffer" "~5.1.0"

"tiny-emitter@^2.1.0":
  "integrity" "sha512-NB6Dk1A9xgQPMoGqC5CVXn123gWyte215ONT5Pp5a0yt4nlEoO1ZWeCwpncaekPHXO60i47ihFnZPiRPjRMq4Q=="
  "resolved" "https://registry.npmjs.org/tiny-emitter/-/tiny-emitter-2.1.0.tgz"
  "version" "2.1.0"

"typed-function@^3.0.0":
  "integrity" "sha512-mKJKkt2xYxJUuMD7jyfgUxfn5KCsCxkEKBVjep5yYellJJ5aEDO2QUAmIGdvcZmfQnIrplkzELIaG+5b1475qg=="
  "resolved" "https://registry.npmjs.org/typed-function/-/typed-function-3.0.0.tgz"
  "version" "3.0.0"

"util-deprecate@~1.0.1":
  "integrity" "sha512-EPD5q1uXyFxJpCrLnCc1nHnq3gOa6DZBocAIiI2TaSCA7VCJ1UJDMagCzIkXNsUYfD1daK//LTEQ8xiIbrHtcw=="
  "resolved" "https://registry.npmjs.org/util-deprecate/-/util-deprecate-1.0.2.tgz"
  "version" "1.0.2"
